
Microsoft Visual Studio Solution File, Format Version 12.00
# Visual Studio Version 16
VisualStudioVersion = 16.0.31205.134
MinimumVisualStudioVersion = 10.0.40219.1
Project("{FAE04EC0-301F-11D3-BF4B-00C04F79EFBC}") = "EsiniBul", "EsiniBul\EsiniBul.csproj", "{7AC93163-4331-40EF-9F31-7B3CDBBE6378}"
EndProject
Global
	GlobalSection(SolutionConfigurationPlatforms) = preSolution
		Debug|Any CPU = Debug|Any CPU
		Release|Any CPU = Release|Any CPU
	EndGlobalSection
	GlobalSection(ProjectConfigurationPlatforms) = postSolution
		{7AC93163-4331-40EF-9F31-7B3CDBBE6378}.Debug|Any CPU.ActiveCfg = Debug|Any CPU
		{7AC93163-4331-40EF-9F31-7B3CDBBE6378}.Debug|Any CPU.Build.0 = Debug|Any CPU
		{7AC93163-4331-40EF-9F31-7B3CDBBE6378}.Release|Any CPU.ActiveCfg = Release|Any CPU
		{7AC93163-4331-40EF-9F31-7B3CDBBE6378}.Release|Any CPU.Build.0 = Release|Any CPU
	EndGlobalSection
	GlobalSection(SolutionProperties) = preSolution
		HideSolutionNode = FALSE
	EndGlobalSection
	GlobalSection(ExtensibilityGlobals) = postSolution
		SolutionGuid = {54AF40AC-6375-402A-8464-8FE1E7AD3268}
	EndGlobalSection
EndGlobal
